
Microsoft Visual Studio Solution File, Format Version 9.00
# Visual Studio 2005
Project("{8BC9CEB8-8B4A-11D0-8D11-00A0C91BC942}") = "httpd", "..\httpd\httpd.vcproj", "{A3B37343-B9BB-4E6E-B061-2B19D001E260}"
EndProject
Project("{8BC9CEB8-8B4A-11D0-8D11-00A0C91BC942}") = "resinssl", "..\..\..\..\..\pro\modules\c\src\resinssl\resinssl.vcproj", "{7B9957C4-9DC3-41B9-861C-081BD30667FC}"
EndProject
Project("{8BC9CEB8-8B4A-11D0-8D11-00A0C91BC942}") = "resin", "..\..\..\..\..\pro\modules\c\src\resin\resin.vcproj", "{197F055D-5C6F-4FB3-A470-BC7928C00427}"
EndProject
Project("{8BC9CEB8-8B4A-11D0-8D11-00A0C91BC942}") = "resin_64", "..\..\..\..\..\pro\modules\c\src\resin_64\resin_64.vcproj", "{6330F8B1-4C44-4772-A192-9BBBE16551C2}"
EndProject
Project("{8BC9CEB8-8B4A-11D0-8D11-00A0C91BC942}") = "resinssl_64", "..\..\..\..\..\pro\modules\c\src\resinssl_64\resinssl_64.vcproj", "{CEB1889F-A6D9-4E45-8E33-2311A317ED93}"
EndProject
Global
	GlobalSection(SolutionConfigurationPlatforms) = preSolution
		Debug|Win32 = Debug|Win32
		Debug|x64 = Debug|x64
		Release|Win32 = Release|Win32
		Release|x64 = Release|x64
	EndGlobalSection
	GlobalSection(ProjectConfigurationPlatforms) = postSolution
		{A3B37343-B9BB-4E6E-B061-2B19D001E260}.Debug|Win32.ActiveCfg = Debug|Win32
		{A3B37343-B9BB-4E6E-B061-2B19D001E260}.Debug|Win32.Build.0 = Debug|Win32
		{A3B37343-B9BB-4E6E-B061-2B19D001E260}.Debug|x64.ActiveCfg = Debug|Win32
		{A3B37343-B9BB-4E6E-B061-2B19D001E260}.Release|Win32.ActiveCfg = Release|Win32
		{A3B37343-B9BB-4E6E-B061-2B19D001E260}.Release|Win32.Build.0 = Release|Win32
		{A3B37343-B9BB-4E6E-B061-2B19D001E260}.Release|x64.ActiveCfg = Release|Win32
		{7B9957C4-9DC3-41B9-861C-081BD30667FC}.Debug|Win32.ActiveCfg = Debug|Win32
		{7B9957C4-9DC3-41B9-861C-081BD30667FC}.Debug|Win32.Build.0 = Debug|Win32
		{7B9957C4-9DC3-41B9-861C-081BD30667FC}.Debug|x64.ActiveCfg = Debug|Win32
		{7B9957C4-9DC3-41B9-861C-081BD30667FC}.Release|Win32.ActiveCfg = Release|Win32
		{7B9957C4-9DC3-41B9-861C-081BD30667FC}.Release|Win32.Build.0 = Release|Win32
		{7B9957C4-9DC3-41B9-861C-081BD30667FC}.Release|x64.ActiveCfg = Release|Win32
		{197F055D-5C6F-4FB3-A470-BC7928C00427}.Debug|Win32.ActiveCfg = Debug|Win32
		{197F055D-5C6F-4FB3-A470-BC7928C00427}.Debug|Win32.Build.0 = Debug|Win32
		{197F055D-5C6F-4FB3-A470-BC7928C00427}.Debug|x64.ActiveCfg = Debug|Win32
		{197F055D-5C6F-4FB3-A470-BC7928C00427}.Release|Win32.ActiveCfg = Release|Win32
		{197F055D-5C6F-4FB3-A470-BC7928C00427}.Release|Win32.Build.0 = Release|Win32
		{197F055D-5C6F-4FB3-A470-BC7928C00427}.Release|x64.ActiveCfg = Release|Win32
		{6330F8B1-4C44-4772-A192-9BBBE16551C2}.Debug|Win32.ActiveCfg = Debug|Win32
		{6330F8B1-4C44-4772-A192-9BBBE16551C2}.Debug|Win32.Build.0 = Debug|Win32
		{6330F8B1-4C44-4772-A192-9BBBE16551C2}.Debug|x64.ActiveCfg = Debug|x64
		{6330F8B1-4C44-4772-A192-9BBBE16551C2}.Debug|x64.Build.0 = Debug|x64
		{6330F8B1-4C44-4772-A192-9BBBE16551C2}.Release|Win32.ActiveCfg = Release|x64
		{6330F8B1-4C44-4772-A192-9BBBE16551C2}.Release|Win32.Build.0 = Release|x64
		{6330F8B1-4C44-4772-A192-9BBBE16551C2}.Release|x64.ActiveCfg = Release|x64
		{6330F8B1-4C44-4772-A192-9BBBE16551C2}.Release|x64.Build.0 = Release|x64
		{CEB1889F-A6D9-4E45-8E33-2311A317ED93}.Debug|Win32.ActiveCfg = Debug|Win32
		{CEB1889F-A6D9-4E45-8E33-2311A317ED93}.Debug|Win32.Build.0 = Debug|Win32
		{CEB1889F-A6D9-4E45-8E33-2311A317ED93}.Debug|x64.ActiveCfg = Debug|x64
		{CEB1889F-A6D9-4E45-8E33-2311A317ED93}.Debug|x64.Build.0 = Debug|x64
		{CEB1889F-A6D9-4E45-8E33-2311A317ED93}.Release|Win32.ActiveCfg = Release|x64
		{CEB1889F-A6D9-4E45-8E33-2311A317ED93}.Release|Win32.Build.0 = Release|x64
		{CEB1889F-A6D9-4E45-8E33-2311A317ED93}.Release|x64.ActiveCfg = Release|x64
		{CEB1889F-A6D9-4E45-8E33-2311A317ED93}.Release|x64.Build.0 = Release|x64
	EndGlobalSection
	GlobalSection(SolutionProperties) = preSolution
		HideSolutionNode = FALSE
	EndGlobalSection
EndGlobal
